
Microsoft Visual Studio Solution File, Format Version 12.00
# Visual Studio 2012
Project("{FAE04EC0-301F-11D3-BF4B-00C04F79EFBC}") = "QuantBox.OQ.TongShi", "QuantBox.OQ.TongShi\QuantBox.OQ.TongShi.csproj", "{2336052E-158D-438B-AE9B-75DACD81AA16}"
EndProject
Project("{FAE04EC0-301F-11D3-BF4B-00C04F79EFBC}") = "QuantBox.Helper.TongShi", "QuantBox.Helper.TongShi\QuantBox.Helper.TongShi.csproj", "{4E569465-D4BD-4833-B1CB-02B794A549FD}"
EndProject
Global
	GlobalSection(SolutionConfigurationPlatforms) = preSolution
		Debug|Any CPU = Debug|Any CPU
		Release|Any CPU = Release|Any CPU
	EndGlobalSection
	GlobalSection(ProjectConfigurationPlatforms) = postSolution
		{2336052E-158D-438B-AE9B-75DACD81AA16}.Debug|Any CPU.ActiveCfg = Debug|Any CPU
		{2336052E-158D-438B-AE9B-75DACD81AA16}.Debug|Any CPU.Build.0 = Debug|Any CPU
		{2336052E-158D-438B-AE9B-75DACD81AA16}.Release|Any CPU.ActiveCfg = Release|Any CPU
		{2336052E-158D-438B-AE9B-75DACD81AA16}.Release|Any CPU.Build.0 = Release|Any CPU
		{4E569465-D4BD-4833-B1CB-02B794A549FD}.Debug|Any CPU.ActiveCfg = Debug|Any CPU
		{4E569465-D4BD-4833-B1CB-02B794A549FD}.Debug|Any CPU.Build.0 = Debug|Any CPU
		{4E569465-D4BD-4833-B1CB-02B794A549FD}.Release|Any CPU.ActiveCfg = Release|Any CPU
		{4E569465-D4BD-4833-B1CB-02B794A549FD}.Release|Any CPU.Build.0 = Release|Any CPU
	EndGlobalSection
	GlobalSection(SolutionProperties) = preSolution
		HideSolutionNode = FALSE
	EndGlobalSection
EndGlobal
